{
  "version": 4,
  "terraform_version": "1.14.8",
  "serial": 13,
  "lineage": "9c69a51c-9dc4-e9b6-ac29-b17f65683585",
  "outputs": {},
  "resources": [
    {
      "mode": "managed",
      "type": "proxmox_virtual_environment_container",
      "name": "debian_container",
      "provider": "provider[\"registry.terraform.io/bpg/proxmox\"]",
      "instances": [
        {
          "schema_version": 0,
          "attributes": {
            "clone": [],
            "console": [],
            "cpu": [],
            "description": "Managed by Terraform\n",
            "device_passthrough": [],
            "disk": [
              {
                "acl": false,
                "datastore_id": "local_lvm5",
                "mount_options": null,
                "path_in_datastore": "local_lvm5:vm-112-disk-0",
                "quota": false,
                "replicate": false,
                "size": 6
              }
            ],
            "environment_variables": null,
            "features": [
              {
                "fuse": false,
                "keyctl": false,
                "mount": null,
                "nesting": true
              }
            ],
            "hook_script_file_id": null,
            "id": "112",
            "idmap": [],
            "initialization": [
              {
                "dns": [
                  {
                    "domain": "",
                    "server": "",
                    "servers": [
                      "8.8.8.8",
                      "1.1.1.1"
                    ]
                  }
                ],
                "entrypoint": "",
                "hostname": "alma1",
                "ip_config": [
                  {
                    "ipv4": [
                      {
                        "address": "dhcp",
                        "gateway": ""
                      }
                    ],
                    "ipv6": []
                  }
                ],
                "user_account": [
                  {
                    "keys": [
                      "ssh-rsa AAAAB3NzaC1yc2EAAAADAQABAAABAQDhdFBXrHZXrKbaP7fBBX6rwWGDIEJ+Wl1NiuViA2QzchkTtucZi625p9Aj8EEv5OLuVWixY7dIEu8QhGUWRsgF9ajRQjqiOO+GcomtlgkqG9Yb8C6t/dBLTDWimmiZkw7nXsM6TfX1+dHFQkSYy64ttBFgyDxNCxwvCTkDkTXMuBuOkwwDhUnBpyMYld6gOf0y3oczsgoaFrA0KU24Mc9xjL/w0m3zIG1CJhFPtExd4ZB0nIj774wsJR7sgnIGCBVgAv+gojEq3D3HSC+TA+nPX2zFP0XdTzjqbDQ9Juqp1xIAqHR56lql0cAWSD/TG6U010/GdL2LcrBVq7SFU8Zr anthony@totoport"
                    ],
                    "password": "P@ssw0rd"
                  }
                ]
              }
            ],
            "ipv4": {},
            "ipv6": {},
            "memory": [],
            "mount_point": [],
            "network_interface": [
              {
                "bridge": "vmbr0",
                "enabled": true,
                "firewall": false,
                "mac_address": "BC:24:11:D8:A6:10",
                "mtu": 0,
                "name": "veth0",
                "rate_limit": 0,
                "vlan_id": 0
              }
            ],
            "node_name": "proxmox5",
            "operating_system": [
              {
                "template_file_id": "local:vztmpl/almalinux-10-default_20250930_amd64.tar.xz",
                "type": "centos"
              }
            ],
            "pool_id": "Dev",
            "protection": false,
            "start_on_boot": true,
            "started": true,
            "startup": [],
            "tags": null,
            "template": false,
            "timeout_clone": 1800,
            "timeout_create": 1800,
            "timeout_delete": 60,
            "timeout_start": 300,
            "timeout_update": 1800,
            "unprivileged": true,
            "vm_id": 112,
            "wait_for_ip": []
          },
          "sensitive_attributes": [
            [
              {
                "type": "get_attr",
                "value": "initialization"
              },
              {
                "type": "index",
                "value": {
                  "value": 0,
                  "type": "number"
                }
              },
              {
                "type": "get_attr",
                "value": "user_account"
              },
              {
                "type": "index",
                "value": {
                  "value": 0,
                  "type": "number"
                }
              },
              {
                "type": "get_attr",
                "value": "password"
              }
            ]
          ],
          "identity_schema_version": 0,
          "private": "bnVsbA=="
        }
      ]
    },
    {
      "mode": "managed",
      "type": "proxmox_virtual_environment_vm",
      "name": "debian_vm",
      "provider": "provider[\"registry.terraform.io/bpg/proxmox\"]",
      "instances": [
        {
          "index_key": 0,
          "schema_version": 0,
          "attributes": {
            "acpi": true,
            "agent": [
              {
                "enabled": false,
                "timeout": "15m",
                "trim": false,
                "type": "virtio",
                "wait_for_ip": []
              }
            ],
            "amd_sev": [],
            "audio_device": [],
            "bios": "seabios",
            "boot_order": [
              "scsi0",
              "net0"
            ],
            "cdrom": [],
            "clone": [],
            "cpu": [
              {
                "affinity": "",
                "architecture": "",
                "cores": 2,
                "flags": null,
                "hotplugged": 0,
                "limit": 0,
                "numa": false,
                "sockets": 1,
                "type": "host",
                "units": 0
              }
            ],
            "delete_unreferenced_disks_on_destroy": true,
            "description": "Managed by Terraform",
            "disk": [
              {
                "aio": "io_uring",
                "backup": true,
                "cache": "none",
                "datastore_id": "local_lvm5",
                "discard": "ignore",
                "file_format": "raw",
                "file_id": "",
                "import_from": "local:import/debian-13-generic-amd64.qcow2",
                "interface": "scsi0",
                "iothread": false,
                "path_in_datastore": "vm-113-disk-0",
                "replicate": true,
                "serial": "",
                "size": 10,
                "speed": [],
                "ssd": false
              }
            ],
            "efi_disk": [],
            "hook_script_file_id": null,
            "hostpci": [],
            "hotplug": null,
            "id": "113",
            "initialization": [
              {
                "datastore_id": "local_lvm5",
                "dns": [
                  {
                    "domain": "",
                    "servers": [
                      "8.8.8.8",
                      "1.1.1.1"
                    ]
                  }
                ],
                "file_format": "",
                "interface": "ide2",
                "ip_config": [
                  {
                    "ipv4": [
                      {
                        "address": "dhcp",
                        "gateway": ""
                      }
                    ],
                    "ipv6": []
                  }
                ],
                "meta_data_file_id": "",
                "network_data_file_id": "",
                "type": "",
                "user_account": [
                  {
                    "keys": [
                      "ssh-rsa AAAAB3NzaC1yc2EAAAADAQABAAABAQDhdFBXrHZXrKbaP7fBBX6rwWGDIEJ+Wl1NiuViA2QzchkTtucZi625p9Aj8EEv5OLuVWixY7dIEu8QhGUWRsgF9ajRQjqiOO+GcomtlgkqG9Yb8C6t/dBLTDWimmiZkw7nXsM6TfX1+dHFQkSYy64ttBFgyDxNCxwvCTkDkTXMuBuOkwwDhUnBpyMYld6gOf0y3oczsgoaFrA0KU24Mc9xjL/w0m3zIG1CJhFPtExd4ZB0nIj774wsJR7sgnIGCBVgAv+gojEq3D3HSC+TA+nPX2zFP0XdTzjqbDQ9Juqp1xIAqHR56lql0cAWSD/TG6U010/GdL2LcrBVq7SFU8Zr anthony@totoport"
                    ],
                    "password": "**********",
                    "username": "Keith"
                  }
                ],
                "user_data_file_id": "",
                "vendor_data_file_id": ""
              }
            ],
            "ipv4_addresses": [],
            "ipv6_addresses": [],
            "keyboard_layout": "en-us",
            "kvm_arguments": "",
            "mac_addresses": [
              "BC:24:11:87:FC:FC"
            ],
            "machine": "",
            "memory": [
              {
                "dedicated": 2048,
                "floating": 0,
                "hugepages": "",
                "keep_hugepages": false,
                "shared": 0
              }
            ],
            "migrate": false,
            "name": "debian-vm-01-Mkeith495",
            "network_device": [
              {
                "bridge": "vmbr0",
                "disconnected": false,
                "enabled": true,
                "firewall": false,
                "mac_address": "BC:24:11:87:FC:FC",
                "model": "virtio",
                "mtu": 0,
                "queues": 0,
                "rate_limit": 0,
                "trunks": "",
                "vlan_id": 0
              }
            ],
            "network_interface_names": [],
            "node_name": "proxmox5",
            "numa": [],
            "on_boot": true,
            "operating_system": [
              {
                "type": "l26"
              }
            ],
            "pool_id": "Dev",
            "protection": false,
            "purge_on_destroy": true,
            "reboot": false,
            "reboot_after_update": true,
            "rng": [],
            "scsi_hardware": "virtio-scsi-pci",
            "serial_device": [],
            "smbios": [],
            "started": true,
            "startup": [],
            "stop_on_destroy": true,
            "tablet_device": true,
            "tags": null,
            "template": false,
            "timeout_clone": 1800,
            "timeout_create": 1800,
            "timeout_migrate": 1800,
            "timeout_move_disk": 1800,
            "timeout_reboot": 1800,
            "timeout_shutdown_vm": 1800,
            "timeout_start_vm": 1800,
            "timeout_stop_vm": 300,
            "tpm_state": [],
            "usb": [],
            "vga": [],
            "virtiofs": [],
            "vm_id": 113,
            "watchdog": []
          },
          "sensitive_attributes": [
            [
              {
                "type": "get_attr",
                "value": "initialization"
              },
              {
                "type": "index",
                "value": {
                  "value": 0,
                  "type": "number"
                }
              },
              {
                "type": "get_attr",
                "value": "user_account"
              },
              {
                "type": "index",
                "value": {
                  "value": 0,
                  "type": "number"
                }
              },
              {
                "type": "get_attr",
                "value": "password"
              }
            ]
          ],
          "identity_schema_version": 0,
          "private": "bnVsbA=="
        }
      ]
    }
  ],
  "check_results": null
}
