{
  "version": 4,
  "terraform_version": "1.15.0",
  "serial": 5,
  "lineage": "4f0a48a6-039a-0aa1-5175-ba23afe4d936",
  "outputs": {
    "ct": {
      "value": "Coucou, je suis un conteneur Proxmox !",
      "type": "string"
    }
  },
  "resources": [
    {
      "mode": "managed",
      "type": "proxmox_virtual_environment_container",
      "name": "cp-server",
      "provider": "provider[\"registry.terraform.io/bpg/proxmox\"]",
      "instances": [
        {
          "schema_version": 0,
          "attributes": {
            "clone": [],
            "console": [],
            "cpu": [],
            "description": "Managed by Terraform\n",
            "device_passthrough": [],
            "disk": [
              {
                "acl": false,
                "datastore_id": "local-lvm",
                "mount_options": [],
                "path_in_datastore": "local-lvm:vm-100-disk-0",
                "quota": false,
                "replicate": false,
                "size": 6
              }
            ],
            "environment_variables": {},
            "features": [
              {
                "fuse": false,
                "keyctl": false,
                "mount": [],
                "nesting": true
              }
            ],
            "hook_script_file_id": null,
            "id": "100",
            "idmap": [],
            "initialization": [
              {
                "dns": [
                  {
                    "domain": "",
                    "server": "",
                    "servers": [
                      "192.168.122.1"
                    ]
                  }
                ],
                "entrypoint": "",
                "hostname": "cp-server",
                "ip_config": [
                  {
                    "ipv4": [
                      {
                        "address": "192.168.122.100/24",
                        "gateway": "192.168.122.1"
                      }
                    ],
                    "ipv6": []
                  }
                ],
                "user_account": [
                  {
                    "keys": [
                      "ssh-rsa AAAAB3NzaC1yc2EAAAADAQABAAABAQDhdFBXrHZXrKbaP7fBBX6rwWGDIEJ+Wl1NiuViA2QzchkTtucZi625p9Aj8EEv5OLuVWixY7dIEu8QhGUWRsgF9ajRQjqiOO+GcomtlgkqG9Yb8C6t/dBLTDWimmiZkw7nXsM6TfX1+dHFQkSYy64ttBFgyDxNCxwvCTkDkTXMuBuOkwwDhUnBpyMYld6gOf0y3oczsgoaFrA0KU24Mc9xjL/w0m3zIG1CJhFPtExd4ZB0nIj774wsJR7sgnIGCBVgAv+gojEq3D3HSC+TA+nPX2zFP0XdTzjqbDQ9Juqp1xIAqHR56lql0cAWSD/TG6U010/GdL2LcrBVq7SFU8Zr anthony@totoport"
                    ],
                    "password": "P@ssw0rd"
                  }
                ]
              }
            ],
            "ipv4": {
              "veth0": "192.168.122.100"
            },
            "ipv6": {
              "veth0": "fe80::be24:11ff:fef8:f68f"
            },
            "memory": [],
            "mount_point": [],
            "network_interface": [
              {
                "bridge": "vmbr0",
                "enabled": true,
                "firewall": false,
                "host_managed": false,
                "mac_address": "BC:24:11:F8:F6:8F",
                "mtu": 0,
                "name": "veth0",
                "rate_limit": 0,
                "vlan_id": 0
              }
            ],
            "node_name": "proxmox",
            "operating_system": [
              {
                "template_file_id": "local:vztmpl/debian-13-standard_13.1-2_amd64.tar.zst",
                "type": "debian"
              }
            ],
            "pool_id": null,
            "protection": false,
            "start_on_boot": true,
            "started": true,
            "startup": [],
            "tags": [],
            "template": false,
            "timeout_clone": 1800,
            "timeout_create": 1800,
            "timeout_delete": 60,
            "timeout_start": 300,
            "timeout_update": 1800,
            "unprivileged": true,
            "vm_id": 100,
            "wait_for_ip": []
          },
          "sensitive_attributes": [
            [
              {
                "type": "get_attr",
                "value": "initialization"
              },
              {
                "type": "index",
                "value": {
                  "value": 0,
                  "type": "number"
                }
              },
              {
                "type": "get_attr",
                "value": "user_account"
              },
              {
                "type": "index",
                "value": {
                  "value": 0,
                  "type": "number"
                }
              },
              {
                "type": "get_attr",
                "value": "password"
              }
            ]
          ],
          "identity_schema_version": 0,
          "private": "bnVsbA=="
        }
      ]
    }
  ],
  "check_results": null
}
